
Microsoft Visual Studio Solution File, Format Version 12.00
# Visual Studio Version 17
VisualStudioVersion = 17.3.32929.385
MinimumVisualStudioVersion = 10.0.40219.1
Project("{FAE04EC0-301F-11D3-BF4B-00C04F79EFBC}") = "poc1 again", "poc1 again\poc1 again.csproj", "{460FD8EA-AA26-486E-985D-9B664473EE5A}"
EndProject
Global
	GlobalSection(SolutionConfigurationPlatforms) = preSolution
		Debug|Any CPU = Debug|Any CPU
		Release|Any CPU = Release|Any CPU
	EndGlobalSection
	GlobalSection(ProjectConfigurationPlatforms) = postSolution
		{460FD8EA-AA26-486E-985D-9B664473EE5A}.Debug|Any CPU.ActiveCfg = Debug|Any CPU
		{460FD8EA-AA26-486E-985D-9B664473EE5A}.Debug|Any CPU.Build.0 = Debug|Any CPU
		{460FD8EA-AA26-486E-985D-9B664473EE5A}.Release|Any CPU.ActiveCfg = Release|Any CPU
		{460FD8EA-AA26-486E-985D-9B664473EE5A}.Release|Any CPU.Build.0 = Release|Any CPU
	EndGlobalSection
	GlobalSection(SolutionProperties) = preSolution
		HideSolutionNode = FALSE
	EndGlobalSection
	GlobalSection(ExtensibilityGlobals) = postSolution
		SolutionGuid = {629F0374-D87F-4A7B-930F-5A77F56AE8C9}
	EndGlobalSection
EndGlobal
